
Microsoft Visual Studio Solution File, Format Version 12.00
# Visual Studio 2015
Project("{FAE04EC0-301F-11D3-BF4B-00C04F79EFBC}") = "ProceduralGeneration2.CSharp", "ProceduralGeneration2.CSharp.csproj", "{9F139621-7AB9-BA4C-3F55-C3BC32CE6B02}"
EndProject
Project("{FAE04EC0-301F-11D3-BF4B-00C04F79EFBC}") = "ProceduralGeneration2.CSharp.Editor", "ProceduralGeneration2.CSharp.Editor.csproj", "{009BC8EF-7D16-8FE9-BDAB-F5090DA2C4F9}"
EndProject
Global
	GlobalSection(SolutionConfigurationPlatforms) = preSolution
		Debug|Any CPU = Debug|Any CPU
		Release|Any CPU = Release|Any CPU
	EndGlobalSection
	GlobalSection(ProjectConfigurationPlatforms) = postSolution
		{9F139621-7AB9-BA4C-3F55-C3BC32CE6B02}.Debug|Any CPU.ActiveCfg = Debug|Any CPU
		{9F139621-7AB9-BA4C-3F55-C3BC32CE6B02}.Debug|Any CPU.Build.0 = Debug|Any CPU
		{9F139621-7AB9-BA4C-3F55-C3BC32CE6B02}.Release|Any CPU.ActiveCfg = Release|Any CPU
		{9F139621-7AB9-BA4C-3F55-C3BC32CE6B02}.Release|Any CPU.Build.0 = Release|Any CPU
		{009BC8EF-7D16-8FE9-BDAB-F5090DA2C4F9}.Debug|Any CPU.ActiveCfg = Debug|Any CPU
		{009BC8EF-7D16-8FE9-BDAB-F5090DA2C4F9}.Debug|Any CPU.Build.0 = Debug|Any CPU
		{009BC8EF-7D16-8FE9-BDAB-F5090DA2C4F9}.Release|Any CPU.ActiveCfg = Release|Any CPU
		{009BC8EF-7D16-8FE9-BDAB-F5090DA2C4F9}.Release|Any CPU.Build.0 = Release|Any CPU
	EndGlobalSection
	GlobalSection(SolutionProperties) = preSolution
		HideSolutionNode = FALSE
	EndGlobalSection
EndGlobal
